
Microsoft Visual Studio Solution File, Format Version 12.00
# Visual Studio Version 16
VisualStudioVersion = 16.0.30611.23
MinimumVisualStudioVersion = 10.0.40219.1
Project("{FAE04EC0-301F-11D3-BF4B-00C04F79EFBC}") = "FirebaseXamarin", "FirebaseXamarin.csproj", "{F6CCAFF7-D277-41D0-B93E-6AFF860DE756}"
EndProject
Global
	GlobalSection(SolutionConfigurationPlatforms) = preSolution
		Debug|Any CPU = Debug|Any CPU
		Release|Any CPU = Release|Any CPU
	EndGlobalSection
	GlobalSection(ProjectConfigurationPlatforms) = postSolution
		{F6CCAFF7-D277-41D0-B93E-6AFF860DE756}.Debug|Any CPU.ActiveCfg = Debug|Any CPU
		{F6CCAFF7-D277-41D0-B93E-6AFF860DE756}.Debug|Any CPU.Build.0 = Debug|Any CPU
		{F6CCAFF7-D277-41D0-B93E-6AFF860DE756}.Debug|Any CPU.Deploy.0 = Debug|Any CPU
		{F6CCAFF7-D277-41D0-B93E-6AFF860DE756}.Release|Any CPU.ActiveCfg = Release|Any CPU
		{F6CCAFF7-D277-41D0-B93E-6AFF860DE756}.Release|Any CPU.Build.0 = Release|Any CPU
		{F6CCAFF7-D277-41D0-B93E-6AFF860DE756}.Release|Any CPU.Deploy.0 = Release|Any CPU
	EndGlobalSection
	GlobalSection(SolutionProperties) = preSolution
		HideSolutionNode = FALSE
	EndGlobalSection
	GlobalSection(ExtensibilityGlobals) = postSolution
		SolutionGuid = {B8754BA3-704B-40F5-B891-2B9BEBA14E22}
	EndGlobalSection
EndGlobal
